# This file is autogenerated, do not edit; changes may be undone by the next 'dep ensure'.


[[projects]]
  branch = "master"
  digest = "1:48007b13e10f090ede0b93ecb1927a8a9c25d030e608b06c80d94219f7f576b2"
  name = "github.com/ZiCog/shiny-thing"
  packages = ["foo"]
  pruneopts = ""
  revision = "e9e19444ccf5362bba846441c4700a49a94b8118"

[solve-meta]
  analyzer-name = "dep"
  analyzer-version = 1
  input-imports = ["github.com/ZiCog/shiny-thing/foo"]
  solver-name = "gps-cdcl"
  solver-version = 1
